
Microsoft Visual Studio Solution File, Format Version 12.00
# Visual Studio Version 16
VisualStudioVersion = 16.0.29418.71
MinimumVisualStudioVersion = 10.0.40219.1
Project("{9A19103F-16F7-4668-BE54-9A1E7A4F7556}") = "NHibernate.UserTypes.NodaTime", "NHibernate.UserTypes.NodaTime\NHibernate.UserTypes.NodaTime.csproj", "{F4D412E5-5848-4524-8092-A95B08B6C912}"
EndProject
Project("{FAE04EC0-301F-11D3-BF4B-00C04F79EFBC}") = "NHibernate.UserTypes.NodaTime.Test", "NHibernate.UserTypes.NodaTime.Test\NHibernate.UserTypes.NodaTime.Test.csproj", "{997A4E1E-D680-4132-AE71-3FAC329DF0E2}"
EndProject
Global
	GlobalSection(SolutionConfigurationPlatforms) = preSolution
		Debug|Any CPU = Debug|Any CPU
		Release|Any CPU = Release|Any CPU
	EndGlobalSection
	GlobalSection(ProjectConfigurationPlatforms) = postSolution
		{F4D412E5-5848-4524-8092-A95B08B6C912}.Debug|Any CPU.ActiveCfg = Debug|Any CPU
		{F4D412E5-5848-4524-8092-A95B08B6C912}.Debug|Any CPU.Build.0 = Debug|Any CPU
		{F4D412E5-5848-4524-8092-A95B08B6C912}.Release|Any CPU.ActiveCfg = Release|Any CPU
		{F4D412E5-5848-4524-8092-A95B08B6C912}.Release|Any CPU.Build.0 = Release|Any CPU
		{997A4E1E-D680-4132-AE71-3FAC329DF0E2}.Debug|Any CPU.ActiveCfg = Debug|Any CPU
		{997A4E1E-D680-4132-AE71-3FAC329DF0E2}.Debug|Any CPU.Build.0 = Debug|Any CPU
		{997A4E1E-D680-4132-AE71-3FAC329DF0E2}.Release|Any CPU.ActiveCfg = Release|Any CPU
		{997A4E1E-D680-4132-AE71-3FAC329DF0E2}.Release|Any CPU.Build.0 = Release|Any CPU
	EndGlobalSection
	GlobalSection(SolutionProperties) = preSolution
		HideSolutionNode = FALSE
	EndGlobalSection
	GlobalSection(ExtensibilityGlobals) = postSolution
		SolutionGuid = {C414F01F-98C0-470E-9EC9-EF8195831E56}
	EndGlobalSection
EndGlobal
